// !$*UTF8*$!
{
	archiveVersion = 1;
	classes = {
	};
	objectVersion = 55;
	objects = {

/* Begin PBXBuildFile section */
		201A336C280E2F7600E284C5 /* AppDelegate.swift in Sources */ = {isa = PBXBuildFile; fileRef = 201A336B280E2F7600E284C5 /* AppDelegate.swift */; };
		201A336E280E2F7600E284C5 /* SceneDelegate.swift in Sources */ = {isa = PBXBuildFile; fileRef = 201A336D280E2F7600E284C5 /* SceneDelegate.swift */; };
		201A3370280E2F7600E284C5 /* ViewController.swift in Sources */ = {isa = PBXBuildFile; fileRef = 201A336F280E2F7600E284C5 /* ViewController.swift */; };
		201A3375280E2F7800E284C5 /* Assets.xcassets in Resources */ = {isa = PBXBuildFile; fileRef = 201A3374280E2F7800E284C5 /* Assets.xcassets */; };
		201A3378280E2F7800E284C5 /* LaunchScreen.storyboard in Resources */ = {isa = PBXBuildFile; fileRef = 201A3376280E2F7800E284C5 /* LaunchScreen.storyboard */; };
		201A3380280E488B00E284C5 /* TabBar.swift in Sources */ = {isa = PBXBuildFile; fileRef = 201A337F280E488B00E284C5 /* TabBar.swift */; };
		201A3382280E863B00E284C5 /* FeedViewController.swift in Sources */ = {isa = PBXBuildFile; fileRef = 201A3381280E863B00E284C5 /* FeedViewController.swift */; };
		201A3384280E86BD00E284C5 /* PostViewController.swift in Sources */ = {isa = PBXBuildFile; fileRef = 201A3383280E86BD00E284C5 /* PostViewController.swift */; };
		201A3386280E886700E284C5 /* ProfileViewController.swift in Sources */ = {isa = PBXBuildFile; fileRef = 201A3385280E886700E284C5 /* ProfileViewController.swift */; };
		201A3388280E8B8500E284C5 /* InfoViewController.swift in Sources */ = {isa = PBXBuildFile; fileRef = 201A3387280E8B8500E284C5 /* InfoViewController.swift */; };
		201A338B280FB2D000E284C5 /* ProfileHeaderView.swift in Sources */ = {isa = PBXBuildFile; fileRef = 201A338A280FB2D000E284C5 /* ProfileHeaderView.swift */; };
		20471B2128163408001D7B76 /* AnimationViewController.swift in Sources */ = {isa = PBXBuildFile; fileRef = 20471B2028163408001D7B76 /* AnimationViewController.swift */; };
		204AEACE2812C464001CC2F1 /* LoginViewController.swift in Sources */ = {isa = PBXBuildFile; fileRef = 204AEACD2812C464001CC2F1 /* LoginViewController.swift */; };
		209EAB302812D13E00AC695B /* Post.swift in Sources */ = {isa = PBXBuildFile; fileRef = 209EAB2F2812D13D00AC695B /* Post.swift */; };
		209EAB322812D23A00AC695B /* PostsForPublic.swift in Sources */ = {isa = PBXBuildFile; fileRef = 209EAB312812D23A00AC695B /* PostsForPublic.swift */; };
		209EAB352812E59700AC695B /* PostTableViewCell.swift in Sources */ = {isa = PBXBuildFile; fileRef = 209EAB342812E59700AC695B /* PostTableViewCell.swift */; };
		209EAB372813B91200AC695B /* Setupable.swift in Sources */ = {isa = PBXBuildFile; fileRef = 209EAB362813B91200AC695B /* Setupable.swift */; };
		20BBDAA42817BD9600F95FB4 /* OnePostViewController.swift in Sources */ = {isa = PBXBuildFile; fileRef = 20BBDAA32817BD9600F95FB4 /* OnePostViewController.swift */; };
		20F7A80C2814DE32001E1FA6 /* PhotosTableViewCell.swift in Sources */ = {isa = PBXBuildFile; fileRef = 20F7A80B2814DE32001E1FA6 /* PhotosTableViewCell.swift */; };
		20F7A80E2814E077001E1FA6 /* PhotosViewController.swift in Sources */ = {isa = PBXBuildFile; fileRef = 20F7A80D2814E077001E1FA6 /* PhotosViewController.swift */; };
		20F7A8102814E0B0001E1FA6 /* PhotosCollectionViewCell.swift in Sources */ = {isa = PBXBuildFile; fileRef = 20F7A80F2814E0B0001E1FA6 /* PhotosCollectionViewCell.swift */; };
		20F7A8122814E278001E1FA6 /* DetailPhoto.swift in Sources */ = {isa = PBXBuildFile; fileRef = 20F7A8112814E278001E1FA6 /* DetailPhoto.swift */; };
		20F7A8142814E30B001E1FA6 /* PhotosCollection.swift in Sources */ = {isa = PBXBuildFile; fileRef = 20F7A8132814E30B001E1FA6 /* PhotosCollection.swift */; };
		20F7A816281524C2001E1FA6 /* Photos.swift in Sources */ = {isa = PBXBuildFile; fileRef = 20F7A815281524C2001E1FA6 /* Photos.swift */; };
/* End PBXBuildFile section */

/* Begin PBXFileReference section */
		201A3368280E2F7600E284C5 /* Navigation.app */ = {isa = PBXFileReference; explicitFileType = wrapper.application; includeInIndex = 0; path = Navigation.app; sourceTree = BUILT_PRODUCTS_DIR; };
		201A336B280E2F7600E284C5 /* AppDelegate.swift */ = {isa = PBXFileReference; lastKnownFileType = sourcecode.swift; path = AppDelegate.swift; sourceTree = "<group>"; };
		201A336D280E2F7600E284C5 /* SceneDelegate.swift */ = {isa = PBXFileReference; lastKnownFileType = sourcecode.swift; path = SceneDelegate.swift; sourceTree = "<group>"; };
		201A336F280E2F7600E284C5 /* ViewController.swift */ = {isa = PBXFileReference; lastKnownFileType = sourcecode.swift; path = ViewController.swift; sourceTree = "<group>"; };
		201A3374280E2F7800E284C5 /* Assets.xcassets */ = {isa = PBXFileReference; lastKnownFileType = folder.assetcatalog; path = Assets.xcassets; sourceTree = "<group>"; };
		201A3377280E2F7800E284C5 /* Base */ = {isa = PBXFileReference; lastKnownFileType = file.storyboard; name = Base; path = Base.lproj/LaunchScreen.storyboard; sourceTree = "<group>"; };
		201A3379280E2F7800E284C5 /* Info.plist */ = {isa = PBXFileReference; lastKnownFileType = text.plist.xml; path = Info.plist; sourceTree = "<group>"; };
		201A337F280E488B00E284C5 /* TabBar.swift */ = {isa = PBXFileReference; lastKnownFileType = sourcecode.swift; path = TabBar.swift; sourceTree = "<group>"; };
		201A3381280E863B00E284C5 /* FeedViewController.swift */ = {isa = PBXFileReference; lastKnownFileType = sourcecode.swift; path = FeedViewController.swift; sourceTree = "<group>"; };
		201A3383280E86BD00E284C5 /* PostViewController.swift */ = {isa = PBXFileReference; lastKnownFileType = sourcecode.swift; path = PostViewController.swift; sourceTree = "<group>"; };
		201A3385280E886700E284C5 /* ProfileViewController.swift */ = {isa = PBXFileReference; lastKnownFileType = sourcecode.swift; path = ProfileViewController.swift; sourceTree = "<group>"; };
		201A3387280E8B8500E284C5 /* InfoViewController.swift */ = {isa = PBXFileReference; lastKnownFileType = sourcecode.swift; path = InfoViewController.swift; sourceTree = "<group>"; };
		201A338A280FB2D000E284C5 /* ProfileHeaderView.swift */ = {isa = PBXFileReference; lastKnownFileType = sourcecode.swift; path = ProfileHeaderView.swift; sourceTree = "<group>"; };
		20471B2028163408001D7B76 /* AnimationViewController.swift */ = {isa = PBXFileReference; lastKnownFileType = sourcecode.swift; path = AnimationViewController.swift; sourceTree = "<group>"; };
		204AEACD2812C464001CC2F1 /* LoginViewController.swift */ = {isa = PBXFileReference; lastKnownFileType = sourcecode.swift; path = LoginViewController.swift; sourceTree = "<group>"; };
		209EAB2F2812D13D00AC695B /* Post.swift */ = {isa = PBXFileReference; lastKnownFileType = sourcecode.swift; path = Post.swift; sourceTree = "<group>"; };
		209EAB312812D23A00AC695B /* PostsForPublic.swift */ = {isa = PBXFileReference; lastKnownFileType = sourcecode.swift; path = PostsForPublic.swift; sourceTree = "<group>"; };
		209EAB342812E59700AC695B /* PostTableViewCell.swift */ = {isa = PBXFileReference; lastKnownFileType = sourcecode.swift; path = PostTableViewCell.swift; sourceTree = "<group>"; };
		209EAB362813B91200AC695B /* Setupable.swift */ = {isa = PBXFileReference; lastKnownFileType = sourcecode.swift; path = Setupable.swift; sourceTree = "<group>"; };
		20BBDAA32817BD9600F95FB4 /* OnePostViewController.swift */ = {isa = PBXFileReference; lastKnownFileType = sourcecode.swift; name = OnePostViewController.swift; path = Navigation/Profile/OnePostViewController.swift; sourceTree = SOURCE_ROOT; };
		20F7A80B2814DE32001E1FA6 /* PhotosTableViewCell.swift */ = {isa = PBXFileReference; lastKnownFileType = sourcecode.swift; path = PhotosTableViewCell.swift; sourceTree = "<group>"; };
		20F7A80D2814E077001E1FA6 /* PhotosViewController.swift */ = {isa = PBXFileReference; lastKnownFileType = sourcecode.swift; path = PhotosViewController.swift; sourceTree = "<group>"; };
		20F7A80F2814E0B0001E1FA6 /* PhotosCollectionViewCell.swift */ = {isa = PBXFileReference; lastKnownFileType = sourcecode.swift; path = PhotosCollectionViewCell.swift; sourceTree = "<group>"; };
		20F7A8112814E278001E1FA6 /* DetailPhoto.swift */ = {isa = PBXFileReference; lastKnownFileType = sourcecode.swift; path = DetailPhoto.swift; sourceTree = "<group>"; };
		20F7A8132814E30B001E1FA6 /* PhotosCollection.swift */ = {isa = PBXFileReference; lastKnownFileType = sourcecode.swift; path = PhotosCollection.swift; sourceTree = "<group>"; };
		20F7A815281524C2001E1FA6 /* Photos.swift */ = {isa = PBXFileReference; lastKnownFileType = sourcecode.swift; path = Photos.swift; sourceTree = "<group>"; };
/* End PBXFileReference section */

/* Begin PBXFrameworksBuildPhase section */
		201A3365280E2F7600E284C5 /* Frameworks */ = {
			isa = PBXFrameworksBuildPhase;
			buildActionMask = 2147483647;
			files = (
			);
			runOnlyForDeploymentPostprocessing = 0;
		};
/* End PBXFrameworksBuildPhase section */

/* Begin PBXGroup section */
		201A335F280E2F7600E284C5 = {
			isa = PBXGroup;
			children = (
				201A336A280E2F7600E284C5 /* Navigation */,
				201A3369280E2F7600E284C5 /* Products */,
			);
			sourceTree = "<group>";
		};
		201A3369280E2F7600E284C5 /* Products */ = {
			isa = PBXGroup;
			children = (
				201A3368280E2F7600E284C5 /* Navigation.app */,
			);
			name = Products;
			sourceTree = "<group>";
		};
		201A336A280E2F7600E284C5 /* Navigation */ = {
			isa = PBXGroup;
			children = (
				20F7A80A2814DE0F001E1FA6 /* Photos */,
				209EAB332812D23F00AC695B /* Posts */,
				201A3389280FB25C00E284C5 /* Profile */,
				201A336B280E2F7600E284C5 /* AppDelegate.swift */,
				201A337F280E488B00E284C5 /* TabBar.swift */,
				201A3381280E863B00E284C5 /* FeedViewController.swift */,
				201A336D280E2F7600E284C5 /* SceneDelegate.swift */,
				201A336F280E2F7600E284C5 /* ViewController.swift */,
				201A3387280E8B8500E284C5 /* InfoViewController.swift */,
				201A3374280E2F7800E284C5 /* Assets.xcassets */,
				201A3376280E2F7800E284C5 /* LaunchScreen.storyboard */,
				201A3379280E2F7800E284C5 /* Info.plist */,
			);
			path = Navigation;
			sourceTree = "<group>";
		};
		201A3389280FB25C00E284C5 /* Profile */ = {
			isa = PBXGroup;
			children = (
				201A3385280E886700E284C5 /* ProfileViewController.swift */,
				201A338A280FB2D000E284C5 /* ProfileHeaderView.swift */,
				209EAB362813B91200AC695B /* Setupable.swift */,
				204AEACD2812C464001CC2F1 /* LoginViewController.swift */,
				20471B2028163408001D7B76 /* AnimationViewController.swift */,
			);
			path = Profile;
			sourceTree = "<group>";
		};
		209EAB332812D23F00AC695B /* Posts */ = {
			isa = PBXGroup;
			children = (
				20BBDAA32817BD9600F95FB4 /* OnePostViewController.swift */,
				201A3383280E86BD00E284C5 /* PostViewController.swift */,
				209EAB342812E59700AC695B /* PostTableViewCell.swift */,
				209EAB2F2812D13D00AC695B /* Post.swift */,
				209EAB312812D23A00AC695B /* PostsForPublic.swift */,
			);
			path = Posts;
			sourceTree = "<group>";
		};
		20F7A80A2814DE0F001E1FA6 /* Photos */ = {
			isa = PBXGroup;
			children = (
				20F7A80B2814DE32001E1FA6 /* PhotosTableViewCell.swift */,
				20F7A8132814E30B001E1FA6 /* PhotosCollection.swift */,
				20F7A80D2814E077001E1FA6 /* PhotosViewController.swift */,
				20F7A815281524C2001E1FA6 /* Photos.swift */,
				20F7A8112814E278001E1FA6 /* DetailPhoto.swift */,
				20F7A80F2814E0B0001E1FA6 /* PhotosCollectionViewCell.swift */,
			);
			path = Photos;
			sourceTree = "<group>";
		};
/* End PBXGroup section */

/* Begin PBXNativeTarget section */
		201A3367280E2F7600E284C5 /* Navigation */ = {
			isa = PBXNativeTarget;
			buildConfigurationList = 201A337C280E2F7800E284C5 /* Build configuration list for PBXNativeTarget "Navigation" */;
			buildPhases = (
				201A3364280E2F7600E284C5 /* Sources */,
				201A3365280E2F7600E284C5 /* Frameworks */,
				201A3366280E2F7600E284C5 /* Resources */,
			);
			buildRules = (
			);
			dependencies = (
			);
			name = Navigation;
			productName = Navigation;
			productReference = 201A3368280E2F7600E284C5 /* Navigation.app */;
			productType = "com.apple.product-type.application";
		};
/* End PBXNativeTarget section */

/* Begin PBXProject section */
		201A3360280E2F7600E284C5 /* Project object */ = {
			isa = PBXProject;
			attributes = {
				BuildIndependentTargetsInParallel = 1;
				LastSwiftUpdateCheck = 1330;
				LastUpgradeCheck = 1330;
				TargetAttributes = {
					201A3367280E2F7600E284C5 = {
						CreatedOnToolsVersion = 13.3.1;
					};
				};
			};
			buildConfigurationList = 201A3363280E2F7600E284C5 /* Build configuration list for PBXProject "Navigation" */;
			compatibilityVersion = "Xcode 13.0";
			developmentRegion = en;
			hasScannedForEncodings = 0;
			knownRegions = (
				en,
				Base,
			);
			mainGroup = 201A335F280E2F7600E284C5;
			productRefGroup = 201A3369280E2F7600E284C5 /* Products */;
			projectDirPath = "";
			projectRoot = "";
			targets = (
				201A3367280E2F7600E284C5 /* Navigation */,
			);
		};
/* End PBXProject section */

/* Begin PBXResourcesBuildPhase section */
		201A3366280E2F7600E284C5 /* Resources */ = {
			isa = PBXResourcesBuildPhase;
			buildActionMask = 2147483647;
			files = (
				201A3378280E2F7800E284C5 /* LaunchScreen.storyboard in Resources */,
				201A3375280E2F7800E284C5 /* Assets.xcassets in Resources */,
			);
			runOnlyForDeploymentPostprocessing = 0;
		};
/* End PBXResourcesBuildPhase section */

/* Begin PBXSourcesBuildPhase section */
		201A3364280E2F7600E284C5 /* Sources */ = {
			isa = PBXSourcesBuildPhase;
			buildActionMask = 2147483647;
			files = (
				20F7A80C2814DE32001E1FA6 /* PhotosTableViewCell.swift in Sources */,
				20F7A80E2814E077001E1FA6 /* PhotosViewController.swift in Sources */,
				201A3384280E86BD00E284C5 /* PostViewController.swift in Sources */,
				20BBDAA42817BD9600F95FB4 /* OnePostViewController.swift in Sources */,
				209EAB302812D13E00AC695B /* Post.swift in Sources */,
				209EAB352812E59700AC695B /* PostTableViewCell.swift in Sources */,
				20F7A816281524C2001E1FA6 /* Photos.swift in Sources */,
				20F7A8122814E278001E1FA6 /* DetailPhoto.swift in Sources */,
				20F7A8142814E30B001E1FA6 /* PhotosCollection.swift in Sources */,
				201A3370280E2F7600E284C5 /* ViewController.swift in Sources */,
				201A336C280E2F7600E284C5 /* AppDelegate.swift in Sources */,
				201A3382280E863B00E284C5 /* FeedViewController.swift in Sources */,
				201A338B280FB2D000E284C5 /* ProfileHeaderView.swift in Sources */,
				209EAB322812D23A00AC695B /* PostsForPublic.swift in Sources */,
				201A3386280E886700E284C5 /* ProfileViewController.swift in Sources */,
				209EAB372813B91200AC695B /* Setupable.swift in Sources */,
				201A336E280E2F7600E284C5 /* SceneDelegate.swift in Sources */,
				201A3388280E8B8500E284C5 /* InfoViewController.swift in Sources */,
				20F7A8102814E0B0001E1FA6 /* PhotosCollectionViewCell.swift in Sources */,
				20471B2128163408001D7B76 /* AnimationViewController.swift in Sources */,
				204AEACE2812C464001CC2F1 /* LoginViewController.swift in Sources */,
				201A3380280E488B00E284C5 /* TabBar.swift in Sources */,
			);
			runOnlyForDeploymentPostprocessing = 0;
		};
/* End PBXSourcesBuildPhase section */

/* Begin PBXVariantGroup section */
		201A3376280E2F7800E284C5 /* LaunchScreen.storyboard */ = {
			isa = PBXVariantGroup;
			children = (
				201A3377280E2F7800E284C5 /* Base */,
			);
			name = LaunchScreen.storyboard;
			sourceTree = "<group>";
		};
/* End PBXVariantGroup section */

/* Begin XCBuildConfiguration section */
		201A337A280E2F7800E284C5 /* Debug */ = {
			isa = XCBuildConfiguration;
			buildSettings = {
				ALWAYS_SEARCH_USER_PATHS = NO;
				CLANG_ANALYZER_NONNULL = YES;
				CLANG_ANALYZER_NUMBER_OBJECT_CONVERSION = YES_AGGRESSIVE;
				CLANG_CXX_LANGUAGE_STANDARD = "gnu++17";
				CLANG_ENABLE_MODULES = YES;
				CLANG_ENABLE_OBJC_ARC = YES;
				CLANG_ENABLE_OBJC_WEAK = YES;
				CLANG_WARN_BLOCK_CAPTURE_AUTORELEASING = YES;
				CLANG_WARN_BOOL_CONVERSION = YES;
				CLANG_WARN_COMMA = YES;
				CLANG_WARN_CONSTANT_CONVERSION = YES;
				CLANG_WARN_DEPRECATED_OBJC_IMPLEMENTATIONS = YES;
				CLANG_WARN_DIRECT_OBJC_ISA_USAGE = YES_ERROR;
				CLANG_WARN_DOCUMENTATION_COMMENTS = YES;
				CLANG_WARN_EMPTY_BODY = YES;
				CLANG_WARN_ENUM_CONVERSION = YES;
				CLANG_WARN_INFINITE_RECURSION = YES;
				CLANG_WARN_INT_CONVERSION = YES;
				CLANG_WARN_NON_LITERAL_NULL_CONVERSION = YES;
				CLANG_WARN_OBJC_IMPLICIT_RETAIN_SELF = YES;
				CLANG_WARN_OBJC_LITERAL_CONVERSION = YES;
				CLANG_WARN_OBJC_ROOT_CLASS = YES_ERROR;
				CLANG_WARN_QUOTED_INCLUDE_IN_FRAMEWORK_HEADER = YES;
				CLANG_WARN_RANGE_LOOP_ANALYSIS = YES;
				CLANG_WARN_STRICT_PROTOTYPES = YES;
				CLANG_WARN_SUSPICIOUS_MOVE = YES;
				CLANG_WARN_UNGUARDED_AVAILABILITY = YES_AGGRESSIVE;
				CLANG_WARN_UNREACHABLE_CODE = YES;
				CLANG_WARN__DUPLICATE_METHOD_MATCH = YES;
				COPY_PHASE_STRIP = NO;
				DEBUG_INFORMATION_FORMAT = dwarf;
				ENABLE_STRICT_OBJC_MSGSEND = YES;
				ENABLE_TESTABILITY = YES;
				GCC_C_LANGUAGE_STANDARD = gnu11;
				GCC_DYNAMIC_NO_PIC = NO;
				GCC_NO_COMMON_BLOCKS = YES;
				GCC_OPTIMIZATION_LEVEL = 0;
				GCC_PREPROCESSOR_DEFINITIONS = (
					"DEBUG=1",
					"$(inherited)",
				);
				GCC_WARN_64_TO_32_BIT_CONVERSION = YES;
				GCC_WARN_ABOUT_RETURN_TYPE = YES_ERROR;
				GCC_WARN_UNDECLARED_SELECTOR = YES;
				GCC_WARN_UNINITIALIZED_AUTOS = YES_AGGRESSIVE;
				GCC_WARN_UNUSED_FUNCTION = YES;
				GCC_WARN_UNUSED_VARIABLE = YES;
				IPHONEOS_DEPLOYMENT_TARGET = 15.4;
				MTL_ENABLE_DEBUG_INFO = INCLUDE_SOURCE;
				MTL_FAST_MATH = YES;
				ONLY_ACTIVE_ARCH = YES;
				SDKROOT = iphoneos;
				SWIFT_ACTIVE_COMPILATION_CONDITIONS = DEBUG;
				SWIFT_OPTIMIZATION_LEVEL = "-Onone";
			};
			name = Debug;
		};
		201A337B280E2F7800E284C5 /* Release */ = {
			isa = XCBuildConfiguration;
			buildSettings = {
				ALWAYS_SEARCH_USER_PATHS = NO;
				CLANG_ANALYZER_NONNULL = YES;
				CLANG_ANALYZER_NUMBER_OBJECT_CONVERSION = YES_AGGRESSIVE;
				CLANG_CXX_LANGUAGE_STANDARD = "gnu++17";
				CLANG_ENABLE_MODULES = YES;
				CLANG_ENABLE_OBJC_ARC = YES;
				CLANG_ENABLE_OBJC_WEAK = YES;
				CLANG_WARN_BLOCK_CAPTURE_AUTORELEASING = YES;
				CLANG_WARN_BOOL_CONVERSION = YES;
				CLANG_WARN_COMMA = YES;
				CLANG_WARN_CONSTANT_CONVERSION = YES;
				CLANG_WARN_DEPRECATED_OBJC_IMPLEMENTATIONS = YES;
				CLANG_WARN_DIRECT_OBJC_ISA_USAGE = YES_ERROR;
				CLANG_WARN_DOCUMENTATION_COMMENTS = YES;
				CLANG_WARN_EMPTY_BODY = YES;
				CLANG_WARN_ENUM_CONVERSION = YES;
				CLANG_WARN_INFINITE_RECURSION = YES;
				CLANG_WARN_INT_CONVERSION = YES;
				CLANG_WARN_NON_LITERAL_NULL_CONVERSION = YES;
				CLANG_WARN_OBJC_IMPLICIT_RETAIN_SELF = YES;
				CLANG_WARN_OBJC_LITERAL_CONVERSION = YES;
				CLANG_WARN_OBJC_ROOT_CLASS = YES_ERROR;
				CLANG_WARN_QUOTED_INCLUDE_IN_FRAMEWORK_HEADER = YES;
				CLANG_WARN_RANGE_LOOP_ANALYSIS = YES;
				CLANG_WARN_STRICT_PROTOTYPES = YES;
				CLANG_WARN_SUSPICIOUS_MOVE = YES;
				CLANG_WARN_UNGUARDED_AVAILABILITY = YES_AGGRESSIVE;
				CLANG_WARN_UNREACHABLE_CODE = YES;
				CLANG_WARN__DUPLICATE_METHOD_MATCH = YES;
				COPY_PHASE_STRIP = NO;
				DEBUG_INFORMATION_FORMAT = "dwarf-with-dsym";
				ENABLE_NS_ASSERTIONS = NO;
				ENABLE_STRICT_OBJC_MSGSEND = YES;
				GCC_C_LANGUAGE_STANDARD = gnu11;
				GCC_NO_COMMON_BLOCKS = YES;
				GCC_WARN_64_TO_32_BIT_CONVERSION = YES;
				GCC_WARN_ABOUT_RETURN_TYPE = YES_ERROR;
				GCC_WARN_UNDECLARED_SELECTOR = YES;
				GCC_WARN_UNINITIALIZED_AUTOS = YES_AGGRESSIVE;
				GCC_WARN_UNUSED_FUNCTION = YES;
				GCC_WARN_UNUSED_VARIABLE = YES;
				IPHONEOS_DEPLOYMENT_TARGET = 15.4;
				MTL_ENABLE_DEBUG_INFO = NO;
				MTL_FAST_MATH = YES;
				SDKROOT = iphoneos;
				SWIFT_COMPILATION_MODE = wholemodule;
				SWIFT_OPTIMIZATION_LEVEL = "-O";
				VALIDATE_PRODUCT = YES;
			};
			name = Release;
		};
		201A337D280E2F7800E284C5 /* Debug */ = {
			isa = XCBuildConfiguration;
			buildSettings = {
				ASSETCATALOG_COMPILER_APPICON_NAME = AppIcon;
				ASSETCATALOG_COMPILER_GLOBAL_ACCENT_COLOR_NAME = AccentColor;
				CODE_SIGN_STYLE = Automatic;
				CURRENT_PROJECT_VERSION = 1;
				GENERATE_INFOPLIST_FILE = YES;
				INFOPLIST_FILE = Navigation/Info.plist;
				INFOPLIST_KEY_UIApplicationSupportsIndirectInputEvents = YES;
				INFOPLIST_KEY_UILaunchStoryboardName = LaunchScreen;
				INFOPLIST_KEY_UISupportedInterfaceOrientations = UIInterfaceOrientationPortrait;
				INFOPLIST_KEY_UISupportedInterfaceOrientations_iPad = "UIInterfaceOrientationPortrait UIInterfaceOrientationPortraitUpsideDown UIInterfaceOrientationLandscapeLeft UIInterfaceOrientationLandscapeRight";
				INFOPLIST_KEY_UISupportedInterfaceOrientations_iPhone = "UIInterfaceOrientationPortrait UIInterfaceOrientationLandscapeLeft UIInterfaceOrientationLandscapeRight";
				LD_RUNPATH_SEARCH_PATHS = (
					"$(inherited)",
					"@executable_path/Frameworks",
				);
				MARKETING_VERSION = 1.0;
				PRODUCT_BUNDLE_IDENTIFIER = SitunIOSPDC.Navigation;
				PRODUCT_NAME = "$(TARGET_NAME)";
				SWIFT_EMIT_LOC_STRINGS = YES;
				SWIFT_VERSION = 5.0;
				TARGETED_DEVICE_FAMILY = "1,2";
			};
			name = Debug;
		};
		201A337E280E2F7800E284C5 /* Release */ = {
			isa = XCBuildConfiguration;
			buildSettings = {
				ASSETCATALOG_COMPILER_APPICON_NAME = AppIcon;
				ASSETCATALOG_COMPILER_GLOBAL_ACCENT_COLOR_NAME = AccentColor;
				CODE_SIGN_STYLE = Automatic;
				CURRENT_PROJECT_VERSION = 1;
				GENERATE_INFOPLIST_FILE = YES;
				INFOPLIST_FILE = Navigation/Info.plist;
				INFOPLIST_KEY_UIApplicationSupportsIndirectInputEvents = YES;
				INFOPLIST_KEY_UILaunchStoryboardName = LaunchScreen;
				INFOPLIST_KEY_UISupportedInterfaceOrientations = UIInterfaceOrientationPortrait;
				INFOPLIST_KEY_UISupportedInterfaceOrientations_iPad = "UIInterfaceOrientationPortrait UIInterfaceOrientationPortraitUpsideDown UIInterfaceOrientationLandscapeLeft UIInterfaceOrientationLandscapeRight";
				INFOPLIST_KEY_UISupportedInterfaceOrientations_iPhone = "UIInterfaceOrientationPortrait UIInterfaceOrientationLandscapeLeft UIInterfaceOrientationLandscapeRight";
				LD_RUNPATH_SEARCH_PATHS = (
					"$(inherited)",
					"@executable_path/Frameworks",
				);
				MARKETING_VERSION = 1.0;
				PRODUCT_BUNDLE_IDENTIFIER = SitunIOSPDC.Navigation;
				PRODUCT_NAME = "$(TARGET_NAME)";
				SWIFT_EMIT_LOC_STRINGS = YES;
				SWIFT_VERSION = 5.0;
				TARGETED_DEVICE_FAMILY = "1,2";
			};
			name = Release;
		};
/* End XCBuildConfiguration section */

/* Begin XCConfigurationList section */
		201A3363280E2F7600E284C5 /* Build configuration list for PBXProject "Navigation" */ = {
			isa = XCConfigurationList;
			buildConfigurations = (
				201A337A280E2F7800E284C5 /* Debug */,
				201A337B280E2F7800E284C5 /* Release */,
			);
			defaultConfigurationIsVisible = 0;
			defaultConfigurationName = Release;
		};
		201A337C280E2F7800E284C5 /* Build configuration list for PBXNativeTarget "Navigation" */ = {
			isa = XCConfigurationList;
			buildConfigurations = (
				201A337D280E2F7800E284C5 /* Debug */,
				201A337E280E2F7800E284C5 /* Release */,
			);
			defaultConfigurationIsVisible = 0;
			defaultConfigurationName = Release;
		};
/* End XCConfigurationList section */
	};
	rootObject = 201A3360280E2F7600E284C5 /* Project object */;
}
